// !$*UTF8*$!
{
	archiveVersion = 1;
	classes = {
	};
	objectVersion = 50;
	objects = {

/* Begin PBXBuildFile section */
		D444A2C620F3C40D00C5FEFC /* AppDelegate.swift in Sources */ = {isa = PBXBuildFile; fileRef = D444A2C520F3C40D00C5FEFC /* AppDelegate.swift */; };
		D444A2C820F3C40D00C5FEFC /* ViewController.swift in Sources */ = {isa = PBXBuildFile; fileRef = D444A2C720F3C40D00C5FEFC /* ViewController.swift */; };
		D444A2CB20F3C40D00C5FEFC /* Main.storyboard in Resources */ = {isa = PBXBuildFile; fileRef = D444A2C920F3C40D00C5FEFC /* Main.storyboard */; };
		D444A2CD20F3C40F00C5FEFC /* Assets.xcassets in Resources */ = {isa = PBXBuildFile; fileRef = D444A2CC20F3C40F00C5FEFC /* Assets.xcassets */; };
		D444A2D020F3C40F00C5FEFC /* LaunchScreen.storyboard in Resources */ = {isa = PBXBuildFile; fileRef = D444A2CE20F3C40F00C5FEFC /* LaunchScreen.storyboard */; };
		D444A2D820F3C47700C5FEFC /* Inceptionv3.mlmodel in Sources */ = {isa = PBXBuildFile; fileRef = D444A2D720F3C47700C5FEFC /* Inceptionv3.mlmodel */; };
/* End PBXBuildFile section */

/* Begin PBXFileReference section */
		D444A2C220F3C40D00C5FEFC /* KnowMe.app */ = {isa = PBXFileReference; explicitFileType = wrapper.application; includeInIndex = 0; path = KnowMe.app; sourceTree = BUILT_PRODUCTS_DIR; };
		D444A2C520F3C40D00C5FEFC /* AppDelegate.swift */ = {isa = PBXFileReference; lastKnownFileType = sourcecode.swift; path = AppDelegate.swift; sourceTree = "<group>"; };
		D444A2C720F3C40D00C5FEFC /* ViewController.swift */ = {isa = PBXFileReference; lastKnownFileType = sourcecode.swift; path = ViewController.swift; sourceTree = "<group>"; };
		D444A2CA20F3C40D00C5FEFC /* Base */ = {isa = PBXFileReference; lastKnownFileType = file.storyboard; name = Base; path = Base.lproj/Main.storyboard; sourceTree = "<group>"; };
		D444A2CC20F3C40F00C5FEFC /* Assets.xcassets */ = {isa = PBXFileReference; lastKnownFileType = folder.assetcatalog; path = Assets.xcassets; sourceTree = "<group>"; };
		D444A2CF20F3C40F00C5FEFC /* Base */ = {isa = PBXFileReference; lastKnownFileType = file.storyboard; name = Base; path = Base.lproj/LaunchScreen.storyboard; sourceTree = "<group>"; };
		D444A2D120F3C40F00C5FEFC /* Info.plist */ = {isa = PBXFileReference; lastKnownFileType = text.plist.xml; path = Info.plist; sourceTree = "<group>"; };
		D444A2D720F3C47700C5FEFC /* Inceptionv3.mlmodel */ = {isa = PBXFileReference; lastKnownFileType = file.mlmodel; path = Inceptionv3.mlmodel; sourceTree = "<group>"; };
/* End PBXFileReference section */

/* Begin PBXFrameworksBuildPhase section */
		D444A2BF20F3C40D00C5FEFC /* Frameworks */ = {
			isa = PBXFrameworksBuildPhase;
			buildActionMask = 2147483647;
			files = (
			);
			runOnlyForDeploymentPostprocessing = 0;
		};
/* End PBXFrameworksBuildPhase section */

/* Begin PBXGroup section */
		D444A2B920F3C40D00C5FEFC = {
			isa = PBXGroup;
			children = (
				D444A2C420F3C40D00C5FEFC /* KnowMe */,
				D444A2C320F3C40D00C5FEFC /* Products */,
			);
			sourceTree = "<group>";
		};
		D444A2C320F3C40D00C5FEFC /* Products */ = {
			isa = PBXGroup;
			children = (
				D444A2C220F3C40D00C5FEFC /* KnowMe.app */,
			);
			name = Products;
			sourceTree = "<group>";
		};
		D444A2C420F3C40D00C5FEFC /* KnowMe */ = {
			isa = PBXGroup;
			children = (
				D444A2C520F3C40D00C5FEFC /* AppDelegate.swift */,
				D444A2C720F3C40D00C5FEFC /* ViewController.swift */,
				D444A2C920F3C40D00C5FEFC /* Main.storyboard */,
				D444A2CC20F3C40F00C5FEFC /* Assets.xcassets */,
				D444A2CE20F3C40F00C5FEFC /* LaunchScreen.storyboard */,
				D444A2D120F3C40F00C5FEFC /* Info.plist */,
				D444A2D720F3C47700C5FEFC /* Inceptionv3.mlmodel */,
			);
			path = KnowMe;
			sourceTree = "<group>";
		};
/* End PBXGroup section */

/* Begin PBXNativeTarget section */
		D444A2C120F3C40D00C5FEFC /* KnowMe */ = {
			isa = PBXNativeTarget;
			buildConfigurationList = D444A2D420F3C40F00C5FEFC /* Build configuration list for PBXNativeTarget "KnowMe" */;
			buildPhases = (
				D444A2BE20F3C40D00C5FEFC /* Sources */,
				D444A2BF20F3C40D00C5FEFC /* Frameworks */,
				D444A2C020F3C40D00C5FEFC /* Resources */,
			);
			buildRules = (
			);
			dependencies = (
			);
			name = KnowMe;
			productName = KnowMe;
			productReference = D444A2C220F3C40D00C5FEFC /* KnowMe.app */;
			productType = "com.apple.product-type.application";
		};
/* End PBXNativeTarget section */

/* Begin PBXProject section */
		D444A2BA20F3C40D00C5FEFC /* Project object */ = {
			isa = PBXProject;
			attributes = {
				LastSwiftUpdateCheck = 0930;
				LastUpgradeCheck = 0930;
				ORGANIZATIONNAME = "Apple Inc.";
				TargetAttributes = {
					D444A2C120F3C40D00C5FEFC = {
						CreatedOnToolsVersion = 9.3.1;
					};
				};
			};
			buildConfigurationList = D444A2BD20F3C40D00C5FEFC /* Build configuration list for PBXProject "KnowMe" */;
			compatibilityVersion = "Xcode 9.3";
			developmentRegion = en;
			hasScannedForEncodings = 0;
			knownRegions = (
				en,
				Base,
			);
			mainGroup = D444A2B920F3C40D00C5FEFC;
			productRefGroup = D444A2C320F3C40D00C5FEFC /* Products */;
			projectDirPath = "";
			projectRoot = "";
			targets = (
				D444A2C120F3C40D00C5FEFC /* KnowMe */,
			);
		};
/* End PBXProject section */

/* Begin PBXResourcesBuildPhase section */
		D444A2C020F3C40D00C5FEFC /* Resources */ = {
			isa = PBXResourcesBuildPhase;
			buildActionMask = 2147483647;
			files = (
				D444A2D020F3C40F00C5FEFC /* LaunchScreen.storyboard in Resources */,
				D444A2CD20F3C40F00C5FEFC /* Assets.xcassets in Resources */,
				D444A2CB20F3C40D00C5FEFC /* Main.storyboard in Resources */,
			);
			runOnlyForDeploymentPostprocessing = 0;
		};
/* End PBXResourcesBuildPhase section */

/* Begin PBXSourcesBuildPhase section */
		D444A2BE20F3C40D00C5FEFC /* Sources */ = {
			isa = PBXSourcesBuildPhase;
			buildActionMask = 2147483647;
			files = (
				D444A2C820F3C40D00C5FEFC /* ViewController.swift in Sources */,
				D444A2D820F3C47700C5FEFC /* Inceptionv3.mlmodel in Sources */,
				D444A2C620F3C40D00C5FEFC /* AppDelegate.swift in Sources */,
			);
			runOnlyForDeploymentPostprocessing = 0;
		};
/* End PBXSourcesBuildPhase section */

/* Begin PBXVariantGroup section */
		D444A2C920F3C40D00C5FEFC /* Main.storyboard */ = {
			isa = PBXVariantGroup;
			children = (
				D444A2CA20F3C40D00C5FEFC /* Base */,
			);
			name = Main.storyboard;
			sourceTree = "<group>";
		};
		D444A2CE20F3C40F00C5FEFC /* LaunchScreen.storyboard */ = {
			isa = PBXVariantGroup;
			children = (
				D444A2CF20F3C40F00C5FEFC /* Base */,
			);
			name = LaunchScreen.storyboard;
			sourceTree = "<group>";
		};
/* End PBXVariantGroup section */

/* Begin XCBuildConfiguration section */
		D444A2D220F3C40F00C5FEFC /* Debug */ = {
			isa = XCBuildConfiguration;
			buildSettings = {
				ALWAYS_SEARCH_USER_PATHS = NO;
				CLANG_ANALYZER_NONNULL = YES;
				CLANG_ANALYZER_NUMBER_OBJECT_CONVERSION = YES_AGGRESSIVE;
				CLANG_CXX_LANGUAGE_STANDARD = "gnu++14";
				CLANG_CXX_LIBRARY = "libc++";
				CLANG_ENABLE_MODULES = YES;
				CLANG_ENABLE_OBJC_ARC = YES;
				CLANG_ENABLE_OBJC_WEAK = YES;
				CLANG_WARN_BLOCK_CAPTURE_AUTORELEASING = YES;
				CLANG_WARN_BOOL_CONVERSION = YES;
				CLANG_WARN_COMMA = YES;
				CLANG_WARN_CONSTANT_CONVERSION = YES;
				CLANG_WARN_DEPRECATED_OBJC_IMPLEMENTATIONS = YES;
				CLANG_WARN_DIRECT_OBJC_ISA_USAGE = YES_ERROR;
				CLANG_WARN_DOCUMENTATION_COMMENTS = YES;
				CLANG_WARN_EMPTY_BODY = YES;
				CLANG_WARN_ENUM_CONVERSION = YES;
				CLANG_WARN_INFINITE_RECURSION = YES;
				CLANG_WARN_INT_CONVERSION = YES;
				CLANG_WARN_NON_LITERAL_NULL_CONVERSION = YES;
				CLANG_WARN_OBJC_IMPLICIT_RETAIN_SELF = YES;
				CLANG_WARN_OBJC_LITERAL_CONVERSION = YES;
				CLANG_WARN_OBJC_ROOT_CLASS = YES_ERROR;
				CLANG_WARN_RANGE_LOOP_ANALYSIS = YES;
				CLANG_WARN_STRICT_PROTOTYPES = YES;
				CLANG_WARN_SUSPICIOUS_MOVE = YES;
				CLANG_WARN_UNGUARDED_AVAILABILITY = YES_AGGRESSIVE;
				CLANG_WARN_UNREACHABLE_CODE = YES;
				CLANG_WARN__DUPLICATE_METHOD_MATCH = YES;
				CODE_SIGN_IDENTITY = "iPhone Developer";
				COPY_PHASE_STRIP = NO;
				DEBUG_INFORMATION_FORMAT = dwarf;
				ENABLE_STRICT_OBJC_MSGSEND = YES;
				ENABLE_TESTABILITY = YES;
				GCC_C_LANGUAGE_STANDARD = gnu11;
				GCC_DYNAMIC_NO_PIC = NO;
				GCC_NO_COMMON_BLOCKS = YES;
				GCC_OPTIMIZATION_LEVEL = 0;
				GCC_PREPROCESSOR_DEFINITIONS = (
					"DEBUG=1",
					"$(inherited)",
				);
				GCC_WARN_64_TO_32_BIT_CONVERSION = YES;
				GCC_WARN_ABOUT_RETURN_TYPE = YES_ERROR;
				GCC_WARN_UNDECLARED_SELECTOR = YES;
				GCC_WARN_UNINITIALIZED_AUTOS = YES_AGGRESSIVE;
				GCC_WARN_UNUSED_FUNCTION = YES;
				GCC_WARN_UNUSED_VARIABLE = YES;
				IPHONEOS_DEPLOYMENT_TARGET = 11.3;
				MTL_ENABLE_DEBUG_INFO = YES;
				ONLY_ACTIVE_ARCH = YES;
				SDKROOT = iphoneos;
				SWIFT_ACTIVE_COMPILATION_CONDITIONS = DEBUG;
				SWIFT_OPTIMIZATION_LEVEL = "-Onone";
			};
			name = Debug;
		};
		D444A2D320F3C40F00C5FEFC /* Release */ = {
			isa = XCBuildConfiguration;
			buildSettings = {
				ALWAYS_SEARCH_USER_PATHS = NO;
				CLANG_ANALYZER_NONNULL = YES;
				CLANG_ANALYZER_NUMBER_OBJECT_CONVERSION = YES_AGGRESSIVE;
				CLANG_CXX_LANGUAGE_STANDARD = "gnu++14";
				CLANG_CXX_LIBRARY = "libc++";
				CLANG_ENABLE_MODULES = YES;
				CLANG_ENABLE_OBJC_ARC = YES;
				CLANG_ENABLE_OBJC_WEAK = YES;
				CLANG_WARN_BLOCK_CAPTURE_AUTORELEASING = YES;
				CLANG_WARN_BOOL_CONVERSION = YES;
				CLANG_WARN_COMMA = YES;
				CLANG_WARN_CONSTANT_CONVERSION = YES;
				CLANG_WARN_DEPRECATED_OBJC_IMPLEMENTATIONS = YES;
				CLANG_WARN_DIRECT_OBJC_ISA_USAGE = YES_ERROR;
				CLANG_WARN_DOCUMENTATION_COMMENTS = YES;
				CLANG_WARN_EMPTY_BODY = YES;
				CLANG_WARN_ENUM_CONVERSION = YES;
				CLANG_WARN_INFINITE_RECURSION = YES;
				CLANG_WARN_INT_CONVERSION = YES;
				CLANG_WARN_NON_LITERAL_NULL_CONVERSION = YES;
				CLANG_WARN_OBJC_IMPLICIT_RETAIN_SELF = YES;
				CLANG_WARN_OBJC_LITERAL_CONVERSION = YES;
				CLANG_WARN_OBJC_ROOT_CLASS = YES_ERROR;
				CLANG_WARN_RANGE_LOOP_ANALYSIS = YES;
				CLANG_WARN_STRICT_PROTOTYPES = YES;
				CLANG_WARN_SUSPICIOUS_MOVE = YES;
				CLANG_WARN_UNGUARDED_AVAILABILITY = YES_AGGRESSIVE;
				CLANG_WARN_UNREACHABLE_CODE = YES;
				CLANG_WARN__DUPLICATE_METHOD_MATCH = YES;
				CODE_SIGN_IDENTITY = "iPhone Developer";
				COPY_PHASE_STRIP = NO;
				DEBUG_INFORMATION_FORMAT = "dwarf-with-dsym";
				ENABLE_NS_ASSERTIONS = NO;
				ENABLE_STRICT_OBJC_MSGSEND = YES;
				GCC_C_LANGUAGE_STANDARD = gnu11;
				GCC_NO_COMMON_BLOCKS = YES;
				GCC_WARN_64_TO_32_BIT_CONVERSION = YES;
				GCC_WARN_ABOUT_RETURN_TYPE = YES_ERROR;
				GCC_WARN_UNDECLARED_SELECTOR = YES;
				GCC_WARN_UNINITIALIZED_AUTOS = YES_AGGRESSIVE;
				GCC_WARN_UNUSED_FUNCTION = YES;
				GCC_WARN_UNUSED_VARIABLE = YES;
				IPHONEOS_DEPLOYMENT_TARGET = 11.3;
				MTL_ENABLE_DEBUG_INFO = NO;
				SDKROOT = iphoneos;
				SWIFT_COMPILATION_MODE = wholemodule;
				SWIFT_OPTIMIZATION_LEVEL = "-O";
				VALIDATE_PRODUCT = YES;
			};
			name = Release;
		};
		D444A2D520F3C40F00C5FEFC /* Debug */ = {
			isa = XCBuildConfiguration;
			buildSettings = {
				ASSETCATALOG_COMPILER_APPICON_NAME = AppIcon;
				CODE_SIGN_STYLE = Automatic;
				DEVELOPMENT_TEAM = C4DQDB2J46;
				INFOPLIST_FILE = KnowMe/Info.plist;
				LD_RUNPATH_SEARCH_PATHS = (
					"$(inherited)",
					"@executable_path/Frameworks",
				);
				PRODUCT_BUNDLE_IDENTIFIER = com.learning.KnowMe.KnowMe;
				PRODUCT_NAME = "$(TARGET_NAME)";
				SWIFT_VERSION = 4.0;
				TARGETED_DEVICE_FAMILY = "1,2";
			};
			name = Debug;
		};
		D444A2D620F3C40F00C5FEFC /* Release */ = {
			isa = XCBuildConfiguration;
			buildSettings = {
				ASSETCATALOG_COMPILER_APPICON_NAME = AppIcon;
				CODE_SIGN_STYLE = Automatic;
				DEVELOPMENT_TEAM = C4DQDB2J46;
				INFOPLIST_FILE = KnowMe/Info.plist;
				LD_RUNPATH_SEARCH_PATHS = (
					"$(inherited)",
					"@executable_path/Frameworks",
				);
				PRODUCT_BUNDLE_IDENTIFIER = com.learning.KnowMe.KnowMe;
				PRODUCT_NAME = "$(TARGET_NAME)";
				SWIFT_VERSION = 4.0;
				TARGETED_DEVICE_FAMILY = "1,2";
			};
			name = Release;
		};
/* End XCBuildConfiguration section */

/* Begin XCConfigurationList section */
		D444A2BD20F3C40D00C5FEFC /* Build configuration list for PBXProject "KnowMe" */ = {
			isa = XCConfigurationList;
			buildConfigurations = (
				D444A2D220F3C40F00C5FEFC /* Debug */,
				D444A2D320F3C40F00C5FEFC /* Release */,
			);
			defaultConfigurationIsVisible = 0;
			defaultConfigurationName = Release;
		};
		D444A2D420F3C40F00C5FEFC /* Build configuration list for PBXNativeTarget "KnowMe" */ = {
			isa = XCConfigurationList;
			buildConfigurations = (
				D444A2D520F3C40F00C5FEFC /* Debug */,
				D444A2D620F3C40F00C5FEFC /* Release */,
			);
			defaultConfigurationIsVisible = 0;
			defaultConfigurationName = Release;
		};
/* End XCConfigurationList section */
	};
	rootObject = D444A2BA20F3C40D00C5FEFC /* Project object */;
}
